
Microsoft Visual Studio Solution File, Format Version 12.00
# Visual Studio 2012
Project("{FAE04EC0-301F-11D3-BF4B-00C04F79EFBC}") = "Pancakes.Contracts", "Pancakes.Contracts\Pancakes.Contracts.csproj", "{E5BA0AA0-A849-4809-850E-EE61D790E28A}"
EndProject
Project("{FAE04EC0-301F-11D3-BF4B-00C04F79EFBC}") = "Pancakes.Domain", "Pancakes.Domain\Pancakes.Domain.csproj", "{6BD96BA0-F7AE-44B5-B6FB-B1A8F9ED245A}"
EndProject
Project("{FAE04EC0-301F-11D3-BF4B-00C04F79EFBC}") = "Pancakes.Adapters", "Pancakes.Adapters\Pancakes.Adapters.csproj", "{AEDF286C-FD3C-48FD-9D82-D328072E5EDC}"
EndProject
Project("{FAE04EC0-301F-11D3-BF4B-00C04F79EFBC}") = "Pancakes.Ports", "Pancakes.Ports\Pancakes.Ports.csproj", "{F758DDA4-5E81-4E91-8940-D9DA741FCACF}"
EndProject
Global
	GlobalSection(SolutionConfigurationPlatforms) = preSolution
		Debug|Any CPU = Debug|Any CPU
		Release|Any CPU = Release|Any CPU
	EndGlobalSection
	GlobalSection(ProjectConfigurationPlatforms) = postSolution
		{E5BA0AA0-A849-4809-850E-EE61D790E28A}.Debug|Any CPU.ActiveCfg = Debug|Any CPU
		{E5BA0AA0-A849-4809-850E-EE61D790E28A}.Debug|Any CPU.Build.0 = Debug|Any CPU
		{E5BA0AA0-A849-4809-850E-EE61D790E28A}.Release|Any CPU.ActiveCfg = Release|Any CPU
		{E5BA0AA0-A849-4809-850E-EE61D790E28A}.Release|Any CPU.Build.0 = Release|Any CPU
		{6BD96BA0-F7AE-44B5-B6FB-B1A8F9ED245A}.Debug|Any CPU.ActiveCfg = Debug|Any CPU
		{6BD96BA0-F7AE-44B5-B6FB-B1A8F9ED245A}.Debug|Any CPU.Build.0 = Debug|Any CPU
		{6BD96BA0-F7AE-44B5-B6FB-B1A8F9ED245A}.Release|Any CPU.ActiveCfg = Release|Any CPU
		{6BD96BA0-F7AE-44B5-B6FB-B1A8F9ED245A}.Release|Any CPU.Build.0 = Release|Any CPU
		{AEDF286C-FD3C-48FD-9D82-D328072E5EDC}.Debug|Any CPU.ActiveCfg = Debug|Any CPU
		{AEDF286C-FD3C-48FD-9D82-D328072E5EDC}.Debug|Any CPU.Build.0 = Debug|Any CPU
		{AEDF286C-FD3C-48FD-9D82-D328072E5EDC}.Release|Any CPU.ActiveCfg = Release|Any CPU
		{AEDF286C-FD3C-48FD-9D82-D328072E5EDC}.Release|Any CPU.Build.0 = Release|Any CPU
		{F758DDA4-5E81-4E91-8940-D9DA741FCACF}.Debug|Any CPU.ActiveCfg = Debug|Any CPU
		{F758DDA4-5E81-4E91-8940-D9DA741FCACF}.Debug|Any CPU.Build.0 = Debug|Any CPU
		{F758DDA4-5E81-4E91-8940-D9DA741FCACF}.Release|Any CPU.ActiveCfg = Release|Any CPU
		{F758DDA4-5E81-4E91-8940-D9DA741FCACF}.Release|Any CPU.Build.0 = Release|Any CPU
	EndGlobalSection
	GlobalSection(SolutionProperties) = preSolution
		HideSolutionNode = FALSE
	EndGlobalSection
EndGlobal
